
Microsoft Visual Studio Solution File, Format Version 12.00
# Visual Studio 15
VisualStudioVersion = 15.0.26730.16
MinimumVisualStudioVersion = 10.0.40219.1
Project("{9A19103F-16F7-4668-BE54-9A1E7A4F7556}") = "InkyTagHelpers", "InkyTagHelpers\InkyTagHelpers.csproj", "{537D56C4-89C8-4F59-9142-943877C2780C}"
EndProject
Project("{9A19103F-16F7-4668-BE54-9A1E7A4F7556}") = "InkyTagHelpers.Web", "InkyTagHelpers.Web\InkyTagHelpers.Web.csproj", "{9A2CD4BD-225D-4C02-8613-6CC3373415EE}"
EndProject
Global
	GlobalSection(SolutionConfigurationPlatforms) = preSolution
		Debug|Any CPU = Debug|Any CPU
		Release|Any CPU = Release|Any CPU
	EndGlobalSection
	GlobalSection(ProjectConfigurationPlatforms) = postSolution
		{537D56C4-89C8-4F59-9142-943877C2780C}.Debug|Any CPU.ActiveCfg = Debug|Any CPU
		{537D56C4-89C8-4F59-9142-943877C2780C}.Debug|Any CPU.Build.0 = Debug|Any CPU
		{537D56C4-89C8-4F59-9142-943877C2780C}.Release|Any CPU.ActiveCfg = Release|Any CPU
		{537D56C4-89C8-4F59-9142-943877C2780C}.Release|Any CPU.Build.0 = Release|Any CPU
		{9A2CD4BD-225D-4C02-8613-6CC3373415EE}.Debug|Any CPU.ActiveCfg = Debug|Any CPU
		{9A2CD4BD-225D-4C02-8613-6CC3373415EE}.Debug|Any CPU.Build.0 = Debug|Any CPU
		{9A2CD4BD-225D-4C02-8613-6CC3373415EE}.Release|Any CPU.ActiveCfg = Release|Any CPU
		{9A2CD4BD-225D-4C02-8613-6CC3373415EE}.Release|Any CPU.Build.0 = Release|Any CPU
	EndGlobalSection
	GlobalSection(SolutionProperties) = preSolution
		HideSolutionNode = FALSE
	EndGlobalSection
	GlobalSection(ExtensibilityGlobals) = postSolution
		SolutionGuid = {5ECCE268-467E-4FAF-A5B0-63AD86C03065}
	EndGlobalSection
EndGlobal
